// !$*UTF8*$!
{
	archiveVersion = 1;
	classes = {
	};
	objectVersion = 77;
	objects = {

/* Begin PBXBuildFile section */
		541723162F58453800BCD302 /* Policy.txt in Sources */ = {isa = PBXBuildFile; fileRef = 541723152F58453400BCD302 /* Policy.txt */; };
		54CA7D012F585C1D00A35FBA /* README.md in Resources */ = {isa = PBXBuildFile; fileRef = 54CA7D002F585C1D00A35FBA /* README.md */; };
/* End PBXBuildFile section */

/* Begin PBXContainerItemProxy section */
		541722D72F5809FC00BCD302 /* PBXContainerItemProxy */ = {
			isa = PBXContainerItemProxy;
			containerPortal = 541722BF2F5809FA00BCD302 /* Project object */;
			proxyType = 1;
			remoteGlobalIDString = 541722C62F5809FA00BCD302;
			remoteInfo = PermanentRecord;
		};
		541722E12F5809FC00BCD302 /* PBXContainerItemProxy */ = {
			isa = PBXContainerItemProxy;
			containerPortal = 541722BF2F5809FA00BCD302 /* Project object */;
			proxyType = 1;
			remoteGlobalIDString = 541722C62F5809FA00BCD302;
			remoteInfo = PermanentRecord;
		};
/* End PBXContainerItemProxy section */

/* Begin PBXFileReference section */
		541722C72F5809FA00BCD302 /* PermanentRecord.app */ = {isa = PBXFileReference; explicitFileType = wrapper.application; includeInIndex = 0; path = PermanentRecord.app; sourceTree = BUILT_PRODUCTS_DIR; };
		541722D62F5809FC00BCD302 /* PermanentRecordTests.xctest */ = {isa = PBXFileReference; explicitFileType = wrapper.cfbundle; includeInIndex = 0; path = PermanentRecordTests.xctest; sourceTree = BUILT_PRODUCTS_DIR; };
		541722E02F5809FC00BCD302 /* PermanentRecordUITests.xctest */ = {isa = PBXFileReference; explicitFileType = wrapper.cfbundle; includeInIndex = 0; path = PermanentRecordUITests.xctest; sourceTree = BUILT_PRODUCTS_DIR; };
		541723152F58453400BCD302 /* Policy.txt */ = {isa = PBXFileReference; lastKnownFileType = text; path = Policy.txt; sourceTree = "<group>"; };
		54CA7D002F585C1D00A35FBA /* README.md */ = {isa = PBXFileReference; lastKnownFileType = net.daringfireball.markdown; path = README.md; sourceTree = "<group>"; };
/* End PBXFileReference section */

/* Begin PBXFileSystemSynchronizedRootGroup section */
		541722C92F5809FA00BCD302 /* PermanentRecord */ = {
			isa = PBXFileSystemSynchronizedRootGroup;
			path = PermanentRecord;
			sourceTree = "<group>";
		};
		541722D92F5809FC00BCD302 /* PermanentRecordTests */ = {
			isa = PBXFileSystemSynchronizedRootGroup;
			path = PermanentRecordTests;
			sourceTree = "<group>";
		};
		541722E32F5809FC00BCD302 /* PermanentRecordUITests */ = {
			isa = PBXFileSystemSynchronizedRootGroup;
			path = PermanentRecordUITests;
			sourceTree = "<group>";
		};
		54CA7D0E2F585C3C00A35FBA /* AppIcon */ = {
			isa = PBXFileSystemSynchronizedRootGroup;
			path = AppIcon;
			sourceTree = "<group>";
		};
/* End PBXFileSystemSynchronizedRootGroup section */

/* Begin PBXFrameworksBuildPhase section */
		541722C42F5809FA00BCD302 /* Frameworks */ = {
			isa = PBXFrameworksBuildPhase;
			buildActionMask = 2147483647;
			files = (
			);
			runOnlyForDeploymentPostprocessing = 0;
		};
		541722D32F5809FC00BCD302 /* Frameworks */ = {
			isa = PBXFrameworksBuildPhase;
			buildActionMask = 2147483647;
			files = (
			);
			runOnlyForDeploymentPostprocessing = 0;
		};
		541722DD2F5809FC00BCD302 /* Frameworks */ = {
			isa = PBXFrameworksBuildPhase;
			buildActionMask = 2147483647;
			files = (
			);
			runOnlyForDeploymentPostprocessing = 0;
		};
/* End PBXFrameworksBuildPhase section */

/* Begin PBXGroup section */
		541722BE2F5809FA00BCD302 = {
			isa = PBXGroup;
			children = (
				54CA7D0E2F585C3C00A35FBA /* AppIcon */,
				541722C92F5809FA00BCD302 /* PermanentRecord */,
				541722D92F5809FC00BCD302 /* PermanentRecordTests */,
				541722E32F5809FC00BCD302 /* PermanentRecordUITests */,
				541722C82F5809FA00BCD302 /* Products */,
				541723152F58453400BCD302 /* Policy.txt */,
				54CA7D002F585C1D00A35FBA /* README.md */,
			);
			sourceTree = "<group>";
		};
		541722C82F5809FA00BCD302 /* Products */ = {
			isa = PBXGroup;
			children = (
				541722C72F5809FA00BCD302 /* PermanentRecord.app */,
				541722D62F5809FC00BCD302 /* PermanentRecordTests.xctest */,
				541722E02F5809FC00BCD302 /* PermanentRecordUITests.xctest */,
			);
			name = Products;
			sourceTree = "<group>";
		};
/* End PBXGroup section */

/* Begin PBXNativeTarget section */
		541722C62F5809FA00BCD302 /* PermanentRecord */ = {
			isa = PBXNativeTarget;
			buildConfigurationList = 541722EA2F5809FC00BCD302 /* Build configuration list for PBXNativeTarget "PermanentRecord" */;
			buildPhases = (
				541722C32F5809FA00BCD302 /* Sources */,
				541722C42F5809FA00BCD302 /* Frameworks */,
				541722C52F5809FA00BCD302 /* Resources */,
			);
			buildRules = (
			);
			dependencies = (
			);
			fileSystemSynchronizedGroups = (
				541722C92F5809FA00BCD302 /* PermanentRecord */,
				54CA7D0E2F585C3C00A35FBA /* AppIcon */,
			);
			name = PermanentRecord;
			packageProductDependencies = (
			);
			productName = PermanentRecord;
			productReference = 541722C72F5809FA00BCD302 /* PermanentRecord.app */;
			productType = "com.apple.product-type.application";
		};
		541722D52F5809FC00BCD302 /* PermanentRecordTests */ = {
			isa = PBXNativeTarget;
			buildConfigurationList = 541722ED2F5809FC00BCD302 /* Build configuration list for PBXNativeTarget "PermanentRecordTests" */;
			buildPhases = (
				541722D22F5809FC00BCD302 /* Sources */,
				541722D32F5809FC00BCD302 /* Frameworks */,
				541722D42F5809FC00BCD302 /* Resources */,
			);
			buildRules = (
			);
			dependencies = (
				541722D82F5809FC00BCD302 /* PBXTargetDependency */,
			);
			fileSystemSynchronizedGroups = (
				541722D92F5809FC00BCD302 /* PermanentRecordTests */,
			);
			name = PermanentRecordTests;
			packageProductDependencies = (
			);
			productName = PermanentRecordTests;
			productReference = 541722D62F5809FC00BCD302 /* PermanentRecordTests.xctest */;
			productType = "com.apple.product-type.bundle.unit-test";
		};
		541722DF2F5809FC00BCD302 /* PermanentRecordUITests */ = {
			isa = PBXNativeTarget;
			buildConfigurationList = 541722F02F5809FC00BCD302 /* Build configuration list for PBXNativeTarget "PermanentRecordUITests" */;
			buildPhases = (
				541722DC2F5809FC00BCD302 /* Sources */,
				541722DD2F5809FC00BCD302 /* Frameworks */,
				541722DE2F5809FC00BCD302 /* Resources */,
			);
			buildRules = (
			);
			dependencies = (
				541722E22F5809FC00BCD302 /* PBXTargetDependency */,
			);
			fileSystemSynchronizedGroups = (
				541722E32F5809FC00BCD302 /* PermanentRecordUITests */,
			);
			name = PermanentRecordUITests;
			packageProductDependencies = (
			);
			productName = PermanentRecordUITests;
			productReference = 541722E02F5809FC00BCD302 /* PermanentRecordUITests.xctest */;
			productType = "com.apple.product-type.bundle.ui-testing";
		};
/* End PBXNativeTarget section */

/* Begin PBXProject section */
		541722BF2F5809FA00BCD302 /* Project object */ = {
			isa = PBXProject;
			attributes = {
				BuildIndependentTargetsInParallel = 1;
				LastSwiftUpdateCheck = 2630;
				LastUpgradeCheck = 2630;
				TargetAttributes = {
					541722C62F5809FA00BCD302 = {
						CreatedOnToolsVersion = 26.3;
					};
					541722D52F5809FC00BCD302 = {
						CreatedOnToolsVersion = 26.3;
						TestTargetID = 541722C62F5809FA00BCD302;
					};
					541722DF2F5809FC00BCD302 = {
						CreatedOnToolsVersion = 26.3;
						TestTargetID = 541722C62F5809FA00BCD302;
					};
				};
			};
			buildConfigurationList = 541722C22F5809FA00BCD302 /* Build configuration list for PBXProject "PermanentRecord" */;
			developmentRegion = en;
			hasScannedForEncodings = 0;
			knownRegions = (
				en,
				Base,
			);
			mainGroup = 541722BE2F5809FA00BCD302;
			minimizedProjectReferenceProxies = 1;
			preferredProjectObjectVersion = 77;
			productRefGroup = 541722C82F5809FA00BCD302 /* Products */;
			projectDirPath = "";
			projectRoot = "";
			targets = (
				541722C62F5809FA00BCD302 /* PermanentRecord */,
				541722D52F5809FC00BCD302 /* PermanentRecordTests */,
				541722DF2F5809FC00BCD302 /* PermanentRecordUITests */,
			);
		};
/* End PBXProject section */

/* Begin PBXResourcesBuildPhase section */
		541722C52F5809FA00BCD302 /* Resources */ = {
			isa = PBXResourcesBuildPhase;
			buildActionMask = 2147483647;
			files = (
				54CA7D012F585C1D00A35FBA /* README.md in Resources */,
			);
			runOnlyForDeploymentPostprocessing = 0;
		};
		541722D42F5809FC00BCD302 /* Resources */ = {
			isa = PBXResourcesBuildPhase;
			buildActionMask = 2147483647;
			files = (
			);
			runOnlyForDeploymentPostprocessing = 0;
		};
		541722DE2F5809FC00BCD302 /* Resources */ = {
			isa = PBXResourcesBuildPhase;
			buildActionMask = 2147483647;
			files = (
			);
			runOnlyForDeploymentPostprocessing = 0;
		};
/* End PBXResourcesBuildPhase section */

/* Begin PBXSourcesBuildPhase section */
		541722C32F5809FA00BCD302 /* Sources */ = {
			isa = PBXSourcesBuildPhase;
			buildActionMask = 2147483647;
			files = (
				541723162F58453800BCD302 /* Policy.txt in Sources */,
			);
			runOnlyForDeploymentPostprocessing = 0;
		};
		541722D22F5809FC00BCD302 /* Sources */ = {
			isa = PBXSourcesBuildPhase;
			buildActionMask = 2147483647;
			files = (
			);
			runOnlyForDeploymentPostprocessing = 0;
		};
		541722DC2F5809FC00BCD302 /* Sources */ = {
			isa = PBXSourcesBuildPhase;
			buildActionMask = 2147483647;
			files = (
			);
			runOnlyForDeploymentPostprocessing = 0;
		};
/* End PBXSourcesBuildPhase section */

/* Begin PBXTargetDependency section */
		541722D82F5809FC00BCD302 /* PBXTargetDependency */ = {
			isa = PBXTargetDependency;
			target = 541722C62F5809FA00BCD302 /* PermanentRecord */;
			targetProxy = 541722D72F5809FC00BCD302 /* PBXContainerItemProxy */;
		};
		541722E22F5809FC00BCD302 /* PBXTargetDependency */ = {
			isa = PBXTargetDependency;
			target = 541722C62F5809FA00BCD302 /* PermanentRecord */;
			targetProxy = 541722E12F5809FC00BCD302 /* PBXContainerItemProxy */;
		};
/* End PBXTargetDependency section */

/* Begin XCBuildConfiguration section */
		541722E82F5809FC00BCD302 /* Debug */ = {
			isa = XCBuildConfiguration;
			buildSettings = {
				ALWAYS_SEARCH_USER_PATHS = NO;
				ASSETCATALOG_COMPILER_GENERATE_SWIFT_ASSET_SYMBOL_EXTENSIONS = YES;
				CLANG_ANALYZER_NONNULL = YES;
				CLANG_ANALYZER_NUMBER_OBJECT_CONVERSION = YES_AGGRESSIVE;
				CLANG_CXX_LANGUAGE_STANDARD = "gnu++20";
				CLANG_ENABLE_MODULES = YES;
				CLANG_ENABLE_OBJC_ARC = YES;
				CLANG_ENABLE_OBJC_WEAK = YES;
				CLANG_WARN_BLOCK_CAPTURE_AUTORELEASING = YES;
				CLANG_WARN_BOOL_CONVERSION = YES;
				CLANG_WARN_COMMA = YES;
				CLANG_WARN_CONSTANT_CONVERSION = YES;
				CLANG_WARN_DEPRECATED_OBJC_IMPLEMENTATIONS = YES;
				CLANG_WARN_DIRECT_OBJC_ISA_USAGE = YES_ERROR;
				CLANG_WARN_DOCUMENTATION_COMMENTS = YES;
				CLANG_WARN_EMPTY_BODY = YES;
				CLANG_WARN_ENUM_CONVERSION = YES;
				CLANG_WARN_INFINITE_RECURSION = YES;
				CLANG_WARN_INT_CONVERSION = YES;
				CLANG_WARN_NON_LITERAL_NULL_CONVERSION = YES;
				CLANG_WARN_OBJC_IMPLICIT_RETAIN_SELF = YES;
				CLANG_WARN_OBJC_LITERAL_CONVERSION = YES;
				CLANG_WARN_OBJC_ROOT_CLASS = YES_ERROR;
				CLANG_WARN_QUOTED_INCLUDE_IN_FRAMEWORK_HEADER = YES;
				CLANG_WARN_RANGE_LOOP_ANALYSIS = YES;
				CLANG_WARN_STRICT_PROTOTYPES = YES;
				CLANG_WARN_SUSPICIOUS_MOVE = YES;
				CLANG_WARN_UNGUARDED_AVAILABILITY = YES_AGGRESSIVE;
				CLANG_WARN_UNREACHABLE_CODE = YES;
				CLANG_WARN__DUPLICATE_METHOD_MATCH = YES;
				COPY_PHASE_STRIP = NO;
				DEBUG_INFORMATION_FORMAT = dwarf;
				DEVELOPMENT_TEAM = BTCGSWLGA9;
				ENABLE_STRICT_OBJC_MSGSEND = YES;
				ENABLE_TESTABILITY = YES;
				ENABLE_USER_SCRIPT_SANDBOXING = YES;
				GCC_C_LANGUAGE_STANDARD = gnu17;
				GCC_DYNAMIC_NO_PIC = NO;
				GCC_NO_COMMON_BLOCKS = YES;
				GCC_OPTIMIZATION_LEVEL = 0;
				GCC_PREPROCESSOR_DEFINITIONS = (
					"DEBUG=1",
					"$(inherited)",
				);
				GCC_WARN_64_TO_32_BIT_CONVERSION = YES;
				GCC_WARN_ABOUT_RETURN_TYPE = YES_ERROR;
				GCC_WARN_UNDECLARED_SELECTOR = YES;
				GCC_WARN_UNINITIALIZED_AUTOS = YES_AGGRESSIVE;
				GCC_WARN_UNUSED_FUNCTION = YES;
				GCC_WARN_UNUSED_VARIABLE = YES;
				IPHONEOS_DEPLOYMENT_TARGET = 26.2;
				LOCALIZATION_PREFERS_STRING_CATALOGS = YES;
				MTL_ENABLE_DEBUG_INFO = INCLUDE_SOURCE;
				MTL_FAST_MATH = YES;
				ONLY_ACTIVE_ARCH = YES;
				SDKROOT = iphoneos;
				SWIFT_ACTIVE_COMPILATION_CONDITIONS = "DEBUG $(inherited)";
				SWIFT_OPTIMIZATION_LEVEL = "-Onone";
			};
			name = Debug;
		};
		541722E92F5809FC00BCD302 /* Release */ = {
			isa = XCBuildConfiguration;
			buildSettings = {
				ALWAYS_SEARCH_USER_PATHS = NO;
				ASSETCATALOG_COMPILER_GENERATE_SWIFT_ASSET_SYMBOL_EXTENSIONS = YES;
				CLANG_ANALYZER_NONNULL = YES;
				CLANG_ANALYZER_NUMBER_OBJECT_CONVERSION = YES_AGGRESSIVE;
				CLANG_CXX_LANGUAGE_STANDARD = "gnu++20";
				CLANG_ENABLE_MODULES = YES;
				CLANG_ENABLE_OBJC_ARC = YES;
				CLANG_ENABLE_OBJC_WEAK = YES;
				CLANG_WARN_BLOCK_CAPTURE_AUTORELEASING = YES;
				CLANG_WARN_BOOL_CONVERSION = YES;
				CLANG_WARN_COMMA = YES;
				CLANG_WARN_CONSTANT_CONVERSION = YES;
				CLANG_WARN_DEPRECATED_OBJC_IMPLEMENTATIONS = YES;
				CLANG_WARN_DIRECT_OBJC_ISA_USAGE = YES_ERROR;
				CLANG_WARN_DOCUMENTATION_COMMENTS = YES;
				CLANG_WARN_EMPTY_BODY = YES;
				CLANG_WARN_ENUM_CONVERSION = YES;
				CLANG_WARN_INFINITE_RECURSION = YES;
				CLANG_WARN_INT_CONVERSION = YES;
				CLANG_WARN_NON_LITERAL_NULL_CONVERSION = YES;
				CLANG_WARN_OBJC_IMPLICIT_RETAIN_SELF = YES;
				CLANG_WARN_OBJC_LITERAL_CONVERSION = YES;
				CLANG_WARN_OBJC_ROOT_CLASS = YES_ERROR;
				CLANG_WARN_QUOTED_INCLUDE_IN_FRAMEWORK_HEADER = YES;
				CLANG_WARN_RANGE_LOOP_ANALYSIS = YES;
				CLANG_WARN_STRICT_PROTOTYPES = YES;
				CLANG_WARN_SUSPICIOUS_MOVE = YES;
				CLANG_WARN_UNGUARDED_AVAILABILITY = YES_AGGRESSIVE;
				CLANG_WARN_UNREACHABLE_CODE = YES;
				CLANG_WARN__DUPLICATE_METHOD_MATCH = YES;
				COPY_PHASE_STRIP = NO;
				DEBUG_INFORMATION_FORMAT = "dwarf-with-dsym";
				DEVELOPMENT_TEAM = BTCGSWLGA9;
				ENABLE_NS_ASSERTIONS = NO;
				ENABLE_STRICT_OBJC_MSGSEND = YES;
				ENABLE_USER_SCRIPT_SANDBOXING = YES;
				GCC_C_LANGUAGE_STANDARD = gnu17;
				GCC_NO_COMMON_BLOCKS = YES;
				GCC_WARN_64_TO_32_BIT_CONVERSION = YES;
				GCC_WARN_ABOUT_RETURN_TYPE = YES_ERROR;
				GCC_WARN_UNDECLARED_SELECTOR = YES;
				GCC_WARN_UNINITIALIZED_AUTOS = YES_AGGRESSIVE;
				GCC_WARN_UNUSED_FUNCTION = YES;
				GCC_WARN_UNUSED_VARIABLE = YES;
				IPHONEOS_DEPLOYMENT_TARGET = 26.2;
				LOCALIZATION_PREFERS_STRING_CATALOGS = YES;
				MTL_ENABLE_DEBUG_INFO = NO;
				MTL_FAST_MATH = YES;
				SDKROOT = iphoneos;
				SWIFT_COMPILATION_MODE = wholemodule;
				VALIDATE_PRODUCT = YES;
			};
			name = Release;
		};
		541722EB2F5809FC00BCD302 /* Debug */ = {
			isa = XCBuildConfiguration;
			buildSettings = {
				ASSETCATALOG_COMPILER_APPICON_NAME = AppIcon;
				ASSETCATALOG_COMPILER_GLOBAL_ACCENT_COLOR_NAME = AccentColor;
				CODE_SIGN_STYLE = Automatic;
				CURRENT_PROJECT_VERSION = 1;
				DEVELOPMENT_TEAM = BTCGSWLGA9;
				ENABLE_PREVIEWS = YES;
				GENERATE_INFOPLIST_FILE = YES;
				INFOPLIST_KEY_UIApplicationSceneManifest_Generation = YES;
				INFOPLIST_KEY_UIApplicationSupportsIndirectInputEvents = YES;
				INFOPLIST_KEY_UILaunchScreen_Generation = YES;
				INFOPLIST_KEY_UISupportedInterfaceOrientations_iPad = "UIInterfaceOrientationPortrait UIInterfaceOrientationPortraitUpsideDown UIInterfaceOrientationLandscapeLeft UIInterfaceOrientationLandscapeRight";
				INFOPLIST_KEY_UISupportedInterfaceOrientations_iPhone = "UIInterfaceOrientationPortrait UIInterfaceOrientationLandscapeLeft UIInterfaceOrientationLandscapeRight";
				LD_RUNPATH_SEARCH_PATHS = (
					"$(inherited)",
					"@executable_path/Frameworks",
				);
				MARKETING_VERSION = 1.0;
				PRODUCT_BUNDLE_IDENTIFIER = ZackChen.PermanentRecord;
				PRODUCT_NAME = "$(TARGET_NAME)";
				STRING_CATALOG_GENERATE_SYMBOLS = YES;
				SWIFT_APPROACHABLE_CONCURRENCY = YES;
				SWIFT_DEFAULT_ACTOR_ISOLATION = MainActor;
				SWIFT_EMIT_LOC_STRINGS = YES;
				SWIFT_UPCOMING_FEATURE_MEMBER_IMPORT_VISIBILITY = YES;
				SWIFT_VERSION = 5.0;
				TARGETED_DEVICE_FAMILY = "1,2";
			};
			name = Debug;
		};
		541722EC2F5809FC00BCD302 /* Release */ = {
			isa = XCBuildConfiguration;
			buildSettings = {
				ASSETCATALOG_COMPILER_APPICON_NAME = AppIcon;
				ASSETCATALOG_COMPILER_GLOBAL_ACCENT_COLOR_NAME = AccentColor;
				CODE_SIGN_STYLE = Automatic;
				CURRENT_PROJECT_VERSION = 1;
				DEVELOPMENT_TEAM = BTCGSWLGA9;
				ENABLE_PREVIEWS = YES;
				GENERATE_INFOPLIST_FILE = YES;
				INFOPLIST_KEY_UIApplicationSceneManifest_Generation = YES;
				INFOPLIST_KEY_UIApplicationSupportsIndirectInputEvents = YES;
				INFOPLIST_KEY_UILaunchScreen_Generation = YES;
				INFOPLIST_KEY_UISupportedInterfaceOrientations_iPad = "UIInterfaceOrientationPortrait UIInterfaceOrientationPortraitUpsideDown UIInterfaceOrientationLandscapeLeft UIInterfaceOrientationLandscapeRight";
				INFOPLIST_KEY_UISupportedInterfaceOrientations_iPhone = "UIInterfaceOrientationPortrait UIInterfaceOrientationLandscapeLeft UIInterfaceOrientationLandscapeRight";
				LD_RUNPATH_SEARCH_PATHS = (
					"$(inherited)",
					"@executable_path/Frameworks",
				);
				MARKETING_VERSION = 1.0;
				PRODUCT_BUNDLE_IDENTIFIER = ZackChen.PermanentRecord;
				PRODUCT_NAME = "$(TARGET_NAME)";
				STRING_CATALOG_GENERATE_SYMBOLS = YES;
				SWIFT_APPROACHABLE_CONCURRENCY = YES;
				SWIFT_DEFAULT_ACTOR_ISOLATION = MainActor;
				SWIFT_EMIT_LOC_STRINGS = YES;
				SWIFT_UPCOMING_FEATURE_MEMBER_IMPORT_VISIBILITY = YES;
				SWIFT_VERSION = 5.0;
				TARGETED_DEVICE_FAMILY = "1,2";
			};
			name = Release;
		};
		541722EE2F5809FC00BCD302 /* Debug */ = {
			isa = XCBuildConfiguration;
			buildSettings = {
				BUNDLE_LOADER = "$(TEST_HOST)";
				CODE_SIGN_STYLE = Automatic;
				CURRENT_PROJECT_VERSION = 1;
				DEVELOPMENT_TEAM = BTCGSWLGA9;
				GENERATE_INFOPLIST_FILE = YES;
				IPHONEOS_DEPLOYMENT_TARGET = 26.2;
				MARKETING_VERSION = 1.0;
				PRODUCT_BUNDLE_IDENTIFIER = ZackChen.PermanentRecordTests;
				PRODUCT_NAME = "$(TARGET_NAME)";
				STRING_CATALOG_GENERATE_SYMBOLS = NO;
				SWIFT_APPROACHABLE_CONCURRENCY = YES;
				SWIFT_EMIT_LOC_STRINGS = NO;
				SWIFT_UPCOMING_FEATURE_MEMBER_IMPORT_VISIBILITY = YES;
				SWIFT_VERSION = 5.0;
				TARGETED_DEVICE_FAMILY = "1,2";
				TEST_HOST = "$(BUILT_PRODUCTS_DIR)/PermanentRecord.app/$(BUNDLE_EXECUTABLE_FOLDER_PATH)/PermanentRecord";
			};
			name = Debug;
		};
		541722EF2F5809FC00BCD302 /* Release */ = {
			isa = XCBuildConfiguration;
			buildSettings = {
				BUNDLE_LOADER = "$(TEST_HOST)";
				CODE_SIGN_STYLE = Automatic;
				CURRENT_PROJECT_VERSION = 1;
				DEVELOPMENT_TEAM = BTCGSWLGA9;
				GENERATE_INFOPLIST_FILE = YES;
				IPHONEOS_DEPLOYMENT_TARGET = 26.2;
				MARKETING_VERSION = 1.0;
				PRODUCT_BUNDLE_IDENTIFIER = ZackChen.PermanentRecordTests;
				PRODUCT_NAME = "$(TARGET_NAME)";
				STRING_CATALOG_GENERATE_SYMBOLS = NO;
				SWIFT_APPROACHABLE_CONCURRENCY = YES;
				SWIFT_EMIT_LOC_STRINGS = NO;
				SWIFT_UPCOMING_FEATURE_MEMBER_IMPORT_VISIBILITY = YES;
				SWIFT_VERSION = 5.0;
				TARGETED_DEVICE_FAMILY = "1,2";
				TEST_HOST = "$(BUILT_PRODUCTS_DIR)/PermanentRecord.app/$(BUNDLE_EXECUTABLE_FOLDER_PATH)/PermanentRecord";
			};
			name = Release;
		};
		541722F12F5809FC00BCD302 /* Debug */ = {
			isa = XCBuildConfiguration;
			buildSettings = {
				CODE_SIGN_STYLE = Automatic;
				CURRENT_PROJECT_VERSION = 1;
				DEVELOPMENT_TEAM = BTCGSWLGA9;
				GENERATE_INFOPLIST_FILE = YES;
				MARKETING_VERSION = 1.0;
				PRODUCT_BUNDLE_IDENTIFIER = ZackChen.PermanentRecordUITests;
				PRODUCT_NAME = "$(TARGET_NAME)";
				STRING_CATALOG_GENERATE_SYMBOLS = NO;
				SWIFT_APPROACHABLE_CONCURRENCY = YES;
				SWIFT_EMIT_LOC_STRINGS = NO;
				SWIFT_UPCOMING_FEATURE_MEMBER_IMPORT_VISIBILITY = YES;
				SWIFT_VERSION = 5.0;
				TARGETED_DEVICE_FAMILY = "1,2";
				TEST_TARGET_NAME = PermanentRecord;
			};
			name = Debug;
		};
		541722F22F5809FC00BCD302 /* Release */ = {
			isa = XCBuildConfiguration;
			buildSettings = {
				CODE_SIGN_STYLE = Automatic;
				CURRENT_PROJECT_VERSION = 1;
				DEVELOPMENT_TEAM = BTCGSWLGA9;
				GENERATE_INFOPLIST_FILE = YES;
				MARKETING_VERSION = 1.0;
				PRODUCT_BUNDLE_IDENTIFIER = ZackChen.PermanentRecordUITests;
				PRODUCT_NAME = "$(TARGET_NAME)";
				STRING_CATALOG_GENERATE_SYMBOLS = NO;
				SWIFT_APPROACHABLE_CONCURRENCY = YES;
				SWIFT_EMIT_LOC_STRINGS = NO;
				SWIFT_UPCOMING_FEATURE_MEMBER_IMPORT_VISIBILITY = YES;
				SWIFT_VERSION = 5.0;
				TARGETED_DEVICE_FAMILY = "1,2";
				TEST_TARGET_NAME = PermanentRecord;
			};
			name = Release;
		};
/* End XCBuildConfiguration section */

/* Begin XCConfigurationList section */
		541722C22F5809FA00BCD302 /* Build configuration list for PBXProject "PermanentRecord" */ = {
			isa = XCConfigurationList;
			buildConfigurations = (
				541722E82F5809FC00BCD302 /* Debug */,
				541722E92F5809FC00BCD302 /* Release */,
			);
			defaultConfigurationIsVisible = 0;
			defaultConfigurationName = Release;
		};
		541722EA2F5809FC00BCD302 /* Build configuration list for PBXNativeTarget "PermanentRecord" */ = {
			isa = XCConfigurationList;
			buildConfigurations = (
				541722EB2F5809FC00BCD302 /* Debug */,
				541722EC2F5809FC00BCD302 /* Release */,
			);
			defaultConfigurationIsVisible = 0;
			defaultConfigurationName = Release;
		};
		541722ED2F5809FC00BCD302 /* Build configuration list for PBXNativeTarget "PermanentRecordTests" */ = {
			isa = XCConfigurationList;
			buildConfigurations = (
				541722EE2F5809FC00BCD302 /* Debug */,
				541722EF2F5809FC00BCD302 /* Release */,
			);
			defaultConfigurationIsVisible = 0;
			defaultConfigurationName = Release;
		};
		541722F02F5809FC00BCD302 /* Build configuration list for PBXNativeTarget "PermanentRecordUITests" */ = {
			isa = XCConfigurationList;
			buildConfigurations = (
				541722F12F5809FC00BCD302 /* Debug */,
				541722F22F5809FC00BCD302 /* Release */,
			);
			defaultConfigurationIsVisible = 0;
			defaultConfigurationName = Release;
		};
/* End XCConfigurationList section */
	};
	rootObject = 541722BF2F5809FA00BCD302 /* Project object */;
}
